
Microsoft Visual Studio Solution File, Format Version 12.00
# Visual Studio Version 17
VisualStudioVersion = 17.9.34728.123
MinimumVisualStudioVersion = 10.0.40219.1
Project("{9A19103F-16F7-4668-BE54-9A1E7A4F7556}") = "MattEland.DigitalDungeonMaster", "MattEland.DigitalDungeonMaster\MattEland.DigitalDungeonMaster.csproj", "{6B5FD6A5-D191-43D8-9D5B-C55C16C75D40}"
EndProject
Project("{9A19103F-16F7-4668-BE54-9A1E7A4F7556}") = "MattEland.DigitalDungeonMaster.ConsoleApp", "MattEland.DigitalDungeonMaster.ConsoleApp\MattEland.DigitalDungeonMaster.ConsoleApp.csproj", "{DBAFB5EC-C3BE-4B8B-8E2B-5A5EC2A70652}"
EndProject
Project("{9A19103F-16F7-4668-BE54-9A1E7A4F7556}") = "MattEland.DigitalDungeonMaster.Tests", "MattEland.DigitalDungeonMaster.Tests\MattEland.DigitalDungeonMaster.Tests.csproj", "{3F73F009-CA5D-4FEB-AD0E-252A5B6053BA}"
EndProject
Project("{2150E333-8FDC-42A3-9474-1A3956D46DE8}") = "Solution Items", "Solution Items", "{5B38E5FA-73F3-4664-A590-F78634E5CEB0}"
	ProjectSection(SolutionItems) = preProject
		README.md = README.md
	EndProjectSection
EndProject
Project("{FAE04EC0-301F-11D3-BF4B-00C04F79EFBC}") = "MattEland.DigitalDungeonMaster.AspireHost", "MattEland.DigitalDungeonMaster.AspireHost\MattEland.DigitalDungeonMaster.AspireHost.csproj", "{6B678B3E-AEF5-4FEB-AAF0-4DD15736C178}"
EndProject
Project("{FAE04EC0-301F-11D3-BF4B-00C04F79EFBC}") = "MattEland.DigitalDungeonMaster.WebAPI", "MattEland.DigitalDungeonMaster.WebAPI\MattEland.DigitalDungeonMaster.WebAPI.csproj", "{42EAA4D2-1A00-488F-BCA8-F5097E11284C}"
EndProject
Project("{FAE04EC0-301F-11D3-BF4B-00C04F79EFBC}") = "MattEland.DigitalDungeonMaster.ServiceDefaults", "MattEland.DigitalDungeonMaster.ServiceDefaults\MattEland.DigitalDungeonMaster.ServiceDefaults.csproj", "{8CF6B4F0-1F80-4451-86C0-71E9A67546F1}"
EndProject
Project("{FAE04EC0-301F-11D3-BF4B-00C04F79EFBC}") = "MattEland.DigitalDungeonMaster.Services", "MattEland.DigitalDungeonMaster.Services\MattEland.DigitalDungeonMaster.Services.csproj", "{96561CA8-347D-47F4-A65F-B1292CE80D04}"
EndProject
Project("{FAE04EC0-301F-11D3-BF4B-00C04F79EFBC}") = "MattEland.DigitalDungeonMaster.Services.Azure", "MattEland.DigitalDungeonMaster.Services.Azure\MattEland.DigitalDungeonMaster.Services.Azure.csproj", "{3844DCAE-F0EE-40C6-911A-54CD8AD8A287}"
EndProject
Project("{FAE04EC0-301F-11D3-BF4B-00C04F79EFBC}") = "MattEland.DigitalDungeonMaster.Shared", "MattEland.DigitalDungeonMaster.Shared\MattEland.DigitalDungeonMaster.Shared.csproj", "{FA7B80A6-60B9-46A3-8334-C8102BA3B703}"
EndProject
Project("{2150E333-8FDC-42A3-9474-1A3956D46DE8}") = "Server", "Server", "{5416C0B2-6536-4BF8-8298-F20A277DAA9F}"
EndProject
Project("{2150E333-8FDC-42A3-9474-1A3956D46DE8}") = "Shared", "Shared", "{12654874-1BCC-4AEA-9AFF-A79515DA1A95}"
EndProject
Project("{2150E333-8FDC-42A3-9474-1A3956D46DE8}") = "Client", "Client", "{E9738CC1-EC5E-40D0-9E28-375EB33C31CE}"
EndProject
Project("{FAE04EC0-301F-11D3-BF4B-00C04F79EFBC}") = "MattEland.DigitalDungeonMaster.AvaloniaApp", "MattEland.DigitalDungeonMaster.AvaloniaApp\MattEland.DigitalDungeonMaster.AvaloniaApp.csproj", "{84FA8BF3-1D96-45AB-A007-7E395723B41C}"
EndProject
Global
	GlobalSection(SolutionConfigurationPlatforms) = preSolution
		Debug|Any CPU = Debug|Any CPU
		Release|Any CPU = Release|Any CPU
	EndGlobalSection
	GlobalSection(ProjectConfigurationPlatforms) = postSolution
		{6B5FD6A5-D191-43D8-9D5B-C55C16C75D40}.Debug|Any CPU.ActiveCfg = Debug|Any CPU
		{6B5FD6A5-D191-43D8-9D5B-C55C16C75D40}.Debug|Any CPU.Build.0 = Debug|Any CPU
		{6B5FD6A5-D191-43D8-9D5B-C55C16C75D40}.Release|Any CPU.ActiveCfg = Release|Any CPU
		{6B5FD6A5-D191-43D8-9D5B-C55C16C75D40}.Release|Any CPU.Build.0 = Release|Any CPU
		{DBAFB5EC-C3BE-4B8B-8E2B-5A5EC2A70652}.Debug|Any CPU.ActiveCfg = Debug|Any CPU
		{DBAFB5EC-C3BE-4B8B-8E2B-5A5EC2A70652}.Debug|Any CPU.Build.0 = Debug|Any CPU
		{DBAFB5EC-C3BE-4B8B-8E2B-5A5EC2A70652}.Release|Any CPU.ActiveCfg = Release|Any CPU
		{DBAFB5EC-C3BE-4B8B-8E2B-5A5EC2A70652}.Release|Any CPU.Build.0 = Release|Any CPU
		{3F73F009-CA5D-4FEB-AD0E-252A5B6053BA}.Debug|Any CPU.ActiveCfg = Debug|Any CPU
		{3F73F009-CA5D-4FEB-AD0E-252A5B6053BA}.Debug|Any CPU.Build.0 = Debug|Any CPU
		{3F73F009-CA5D-4FEB-AD0E-252A5B6053BA}.Release|Any CPU.ActiveCfg = Release|Any CPU
		{3F73F009-CA5D-4FEB-AD0E-252A5B6053BA}.Release|Any CPU.Build.0 = Release|Any CPU
		{6B678B3E-AEF5-4FEB-AAF0-4DD15736C178}.Debug|Any CPU.ActiveCfg = Debug|Any CPU
		{6B678B3E-AEF5-4FEB-AAF0-4DD15736C178}.Debug|Any CPU.Build.0 = Debug|Any CPU
		{6B678B3E-AEF5-4FEB-AAF0-4DD15736C178}.Release|Any CPU.ActiveCfg = Release|Any CPU
		{6B678B3E-AEF5-4FEB-AAF0-4DD15736C178}.Release|Any CPU.Build.0 = Release|Any CPU
		{42EAA4D2-1A00-488F-BCA8-F5097E11284C}.Debug|Any CPU.ActiveCfg = Debug|Any CPU
		{42EAA4D2-1A00-488F-BCA8-F5097E11284C}.Debug|Any CPU.Build.0 = Debug|Any CPU
		{42EAA4D2-1A00-488F-BCA8-F5097E11284C}.Release|Any CPU.ActiveCfg = Release|Any CPU
		{42EAA4D2-1A00-488F-BCA8-F5097E11284C}.Release|Any CPU.Build.0 = Release|Any CPU
		{8CF6B4F0-1F80-4451-86C0-71E9A67546F1}.Debug|Any CPU.ActiveCfg = Debug|Any CPU
		{8CF6B4F0-1F80-4451-86C0-71E9A67546F1}.Debug|Any CPU.Build.0 = Debug|Any CPU
		{8CF6B4F0-1F80-4451-86C0-71E9A67546F1}.Release|Any CPU.ActiveCfg = Release|Any CPU
		{8CF6B4F0-1F80-4451-86C0-71E9A67546F1}.Release|Any CPU.Build.0 = Release|Any CPU
		{96561CA8-347D-47F4-A65F-B1292CE80D04}.Debug|Any CPU.ActiveCfg = Debug|Any CPU
		{96561CA8-347D-47F4-A65F-B1292CE80D04}.Debug|Any CPU.Build.0 = Debug|Any CPU
		{96561CA8-347D-47F4-A65F-B1292CE80D04}.Release|Any CPU.ActiveCfg = Release|Any CPU
		{96561CA8-347D-47F4-A65F-B1292CE80D04}.Release|Any CPU.Build.0 = Release|Any CPU
		{3844DCAE-F0EE-40C6-911A-54CD8AD8A287}.Debug|Any CPU.ActiveCfg = Debug|Any CPU
		{3844DCAE-F0EE-40C6-911A-54CD8AD8A287}.Debug|Any CPU.Build.0 = Debug|Any CPU
		{3844DCAE-F0EE-40C6-911A-54CD8AD8A287}.Release|Any CPU.ActiveCfg = Release|Any CPU
		{3844DCAE-F0EE-40C6-911A-54CD8AD8A287}.Release|Any CPU.Build.0 = Release|Any CPU
		{FA7B80A6-60B9-46A3-8334-C8102BA3B703}.Debug|Any CPU.ActiveCfg = Debug|Any CPU
		{FA7B80A6-60B9-46A3-8334-C8102BA3B703}.Debug|Any CPU.Build.0 = Debug|Any CPU
		{FA7B80A6-60B9-46A3-8334-C8102BA3B703}.Release|Any CPU.ActiveCfg = Release|Any CPU
		{FA7B80A6-60B9-46A3-8334-C8102BA3B703}.Release|Any CPU.Build.0 = Release|Any CPU
		{84FA8BF3-1D96-45AB-A007-7E395723B41C}.Debug|Any CPU.ActiveCfg = Debug|Any CPU
		{84FA8BF3-1D96-45AB-A007-7E395723B41C}.Debug|Any CPU.Build.0 = Debug|Any CPU
		{84FA8BF3-1D96-45AB-A007-7E395723B41C}.Release|Any CPU.ActiveCfg = Release|Any CPU
		{84FA8BF3-1D96-45AB-A007-7E395723B41C}.Release|Any CPU.Build.0 = Release|Any CPU
	EndGlobalSection
	GlobalSection(SolutionProperties) = preSolution
		HideSolutionNode = FALSE
	EndGlobalSection
	GlobalSection(NestedProjects) = preSolution
		{6B5FD6A5-D191-43D8-9D5B-C55C16C75D40} = {5416C0B2-6536-4BF8-8298-F20A277DAA9F}
		{DBAFB5EC-C3BE-4B8B-8E2B-5A5EC2A70652} = {E9738CC1-EC5E-40D0-9E28-375EB33C31CE}
		{3F73F009-CA5D-4FEB-AD0E-252A5B6053BA} = {12654874-1BCC-4AEA-9AFF-A79515DA1A95}
		{6B678B3E-AEF5-4FEB-AAF0-4DD15736C178} = {12654874-1BCC-4AEA-9AFF-A79515DA1A95}
		{42EAA4D2-1A00-488F-BCA8-F5097E11284C} = {5416C0B2-6536-4BF8-8298-F20A277DAA9F}
		{8CF6B4F0-1F80-4451-86C0-71E9A67546F1} = {12654874-1BCC-4AEA-9AFF-A79515DA1A95}
		{96561CA8-347D-47F4-A65F-B1292CE80D04} = {5416C0B2-6536-4BF8-8298-F20A277DAA9F}
		{3844DCAE-F0EE-40C6-911A-54CD8AD8A287} = {5416C0B2-6536-4BF8-8298-F20A277DAA9F}
		{FA7B80A6-60B9-46A3-8334-C8102BA3B703} = {12654874-1BCC-4AEA-9AFF-A79515DA1A95}
		{84FA8BF3-1D96-45AB-A007-7E395723B41C} = {E9738CC1-EC5E-40D0-9E28-375EB33C31CE}
	EndGlobalSection
EndGlobal
